
Microsoft Visual Studio Solution File, Format Version 12.00
# Visual Studio 2012
Project("{8BC9CEB8-8B4A-11D0-8D11-00A0C91BC942}") = "Upper", "Upper\Upper.vcxproj", "{9F2248D7-34A9-4AEA-B39B-1C093716430B}"
EndProject
Global
	GlobalSection(SolutionConfigurationPlatforms) = preSolution
		Debug|Win32 = Debug|Win32
		Release|Win32 = Release|Win32
	EndGlobalSection
	GlobalSection(ProjectConfigurationPlatforms) = postSolution
		{9F2248D7-34A9-4AEA-B39B-1C093716430B}.Debug|Win32.ActiveCfg = Debug|Win32
		{9F2248D7-34A9-4AEA-B39B-1C093716430B}.Debug|Win32.Build.0 = Debug|Win32
		{9F2248D7-34A9-4AEA-B39B-1C093716430B}.Release|Win32.ActiveCfg = Release|Win32
		{9F2248D7-34A9-4AEA-B39B-1C093716430B}.Release|Win32.Build.0 = Release|Win32
	EndGlobalSection
	GlobalSection(SolutionProperties) = preSolution
		HideSolutionNode = FALSE
	EndGlobalSection
EndGlobal
